
Microsoft Visual Studio Solution File, Format Version 12.00
# Visual Studio 15
VisualStudioVersion = 15.0.28307.168
MinimumVisualStudioVersion = 10.0.40219.1
Project("{FAE04EC0-301F-11D3-BF4B-00C04F79EFBC}") = "FormularCalculator", "FormularCalculator\FormularCalculator.csproj", "{A51BD5FE-8CBE-4079-9274-9EA4816CF846}"
EndProject
Global
	GlobalSection(SolutionConfigurationPlatforms) = preSolution
		Debug|Any CPU = Debug|Any CPU
		Release|Any CPU = Release|Any CPU
	EndGlobalSection
	GlobalSection(ProjectConfigurationPlatforms) = postSolution
		{A51BD5FE-8CBE-4079-9274-9EA4816CF846}.Debug|Any CPU.ActiveCfg = Debug|Any CPU
		{A51BD5FE-8CBE-4079-9274-9EA4816CF846}.Debug|Any CPU.Build.0 = Debug|Any CPU
		{A51BD5FE-8CBE-4079-9274-9EA4816CF846}.Release|Any CPU.ActiveCfg = Release|Any CPU
		{A51BD5FE-8CBE-4079-9274-9EA4816CF846}.Release|Any CPU.Build.0 = Release|Any CPU
	EndGlobalSection
	GlobalSection(SolutionProperties) = preSolution
		HideSolutionNode = FALSE
	EndGlobalSection
	GlobalSection(ExtensibilityGlobals) = postSolution
		SolutionGuid = {ABD82F7C-A98C-4934-94D8-86109195E202}
	EndGlobalSection
EndGlobal
